hash: 8d8746a3ed9e22765aa09405f21add96e0d0669e343d36898b9aa4be02c41892
updated: 2017-04-07T21:51:27.667426145+01:00
imports:
- name: cloud.google.com/go
  version: 3a14c51fce00582e9e1636000583e6a940122f02
  subpackages:
  - compute/metadata
  - internal
- name: github.com/dgrijalva/jwt-go
  version: 2268707a8f0843315e2004ee4f1d021dc08baedf
- name: github.com/golang/protobuf
  version: 2bba0603135d7d7f5cb73b2125beeda19c09f4ef
  subpackages:
  - proto
  - ptypes/any
- name: github.com/google/go-genproto
  version: 411e09b969b1170a9f0c467558eb4c4c110d9c77
  subpackages:
  - googleapis/rpc/status
- name: github.com/googleapis/gax-go
  version: 9af46dd5a1713e8b5cd71106287eba3cefdde50b
- name: github.com/jmoiron/jsonq
  version: e874b168d07ecc7808bc950a17998a8aa3141d82
- name: github.com/labstack/echo
  version: 895613fd4010c800571ef19152152e400ac4ee71
  subpackages:
  - middleware
- name: github.com/labstack/gommon
  version: 9298d710c664bcd21c454120f63a00fb7d484458
  subpackages:
  - bytes
  - color
  - log
  - random
- name: github.com/lib/pq
  version: 2704adc878c21e1329f46f6e56a1c387d788ff94
  subpackages:
  - oid
- name: github.com/mattes/migrate
  version: 4cfc0444892a8cfb1978c54eda5584d52650b019
  subpackages:
  - driver
  - driver/postgres
  - file
  - migrate
  - migrate/direction
  - pipe
- name: github.com/mattn/go-colorable
  version: ded68f7a9561c023e790de24279db7ebf473ea80
- name: github.com/mattn/go-isatty
  version: fc9e8d8ef48496124e79ae0df75490096eccf6fe
- name: github.com/valyala/bytebufferpool
  version: e746df99fe4a3986f4d4f79e13c1e0117ce9c2f7
- name: github.com/valyala/fasttemplate
  version: dcecefd839c4193db0d35b88ec65b4c12d360ab0
- name: golang.org/x/crypto
  version: 55a552f0823e0d3d54931488a2993ebd2fd0258c
  subpackages:
  - acme
  - acme/autocert
- name: golang.org/x/net
  version: d1e1b351919c6738fdeb9893d5c998b161464f0c
  subpackages:
  - context
  - context/ctxhttp
  - http2
  - http2/hpack
  - idna
  - internal/timeseries
  - lex/httplex
  - trace
- name: golang.org/x/oauth2
  version: 7fdf09982454086d5570c7db3e11f360194830ca
  subpackages:
  - facebook
  - google
  - internal
  - jws
  - jwt
- name: golang.org/x/sys
  version: f3918c30c5c2cb527c0b071a27c35120a6c0719a
  subpackages:
  - unix
- name: golang.org/x/text
  version: f4b4367115ec2de254587813edaa901bc1c723a8
  subpackages:
  - secure/bidirule
  - transform
  - unicode/bidi
  - unicode/norm
- name: google.golang.org/appengine
  version: 56d253d1dd14aa01937e12c73a0971bcfd797ff2
  subpackages:
  - internal
  - internal/app_identity
  - internal/base
  - internal/datastore
  - internal/log
  - internal/modules
  - internal/remote_api
  - internal/urlfetch
  - urlfetch
- name: google.golang.org/grpc
  version: 0c1d39df28cc4e0369b185df2b33b1094cd543fb
  subpackages:
  - codes
  - credentials
  - grpclog
  - internal
  - keepalive
  - metadata
  - naming
  - peer
  - stats
  - status
  - tap
  - transport
testImports:
- name: github.com/onsi/gomega
  version: 334b8f472b3af5d541c5642701c1e29e2126f486
  subpackages:
  - format
  - internal/assertion
  - internal/asyncassertion
  - internal/oraclematcher
  - internal/testingtsupport
  - matchers
  - matchers/support/goraph/bipartitegraph
  - matchers/support/goraph/edge
  - matchers/support/goraph/node
  - matchers/support/goraph/util
  - types
- name: gopkg.in/yaml.v2
  version: cd8b52f8269e0feb286dfeef29f8fe4d5b397e0b
