# This file is autogenerated, do not edit; changes may be undone by the next 'dep ensure'.


[[projects]]
  digest = "1:35564f1cd08e1163bf327e6f595b9e596c4470a77f7f13fe6421236ea99e5966"
  name = "github.com/aws/aws-sdk-go"
  packages = [
    "aws",
    "aws/awserr",
    "aws/awsutil",
    "aws/client",
    "aws/client/metadata",
    "aws/corehandlers",
    "aws/credentials",
    "aws/credentials/ec2rolecreds",
    "aws/credentials/endpointcreds",
    "aws/credentials/processcreds",
    "aws/credentials/stscreds",
    "aws/csm",
    "aws/defaults",
    "aws/ec2metadata",
    "aws/endpoints",
    "aws/request",
    "aws/session",
    "aws/signer/v4",
    "internal/ini",
    "internal/s3err",
    "internal/sdkio",
    "internal/sdkrand",
    "internal/sdkuri",
    "internal/shareddefaults",
    "private/protocol",
    "private/protocol/eventstream",
    "private/protocol/eventstream/eventstreamapi",
    "private/protocol/query",
    "private/protocol/query/queryutil",
    "private/protocol/rest",
    "private/protocol/restxml",
    "private/protocol/xml/xmlutil",
    "service/s3",
    "service/sts",
  ]
  pruneopts = "UT"
  revision = "3991042237b45cf58c9d5f34295942d5533c28c6"
  version = "v1.16.11"

[[projects]]
  digest = "1:76dc72490af7174349349838f2fe118996381b31ea83243812a97e5a0fd5ed55"
  name = "github.com/dgrijalva/jwt-go"
  packages = ["."]
  pruneopts = "UT"
  revision = "06ea1031745cb8b3dab3f6a236daf2b0aa468b7e"
  version = "v3.2.0"

[[projects]]
  digest = "1:2694597a20d303502ad1b7f1cc688977c7dc34da732ccf4d27e98b552cceed5b"
  name = "github.com/disintegration/imaging"
  packages = ["."]
  pruneopts = "UT"
  revision = "0bd5694c78c9c3d9a3cd06a706a8f3c59296a9ac"
  version = "v1.5.0"

[[projects]]
  branch = "master"
  digest = "1:c7073f7f18a2be8b8a31e8e23fe16c2141c3cbd0170c3eacea8f167438f3b655"
  name = "github.com/goenning/letteravatar"
  packages = ["."]
  pruneopts = "UT"
  revision = "553181ed4055278e356ce21812adb34ae487f88e"

[[projects]]
  digest = "1:90566a4f2f7b4e909c6b6281ff63dfaa7868457f1144d476415a84e2a36e922f"
  name = "github.com/goenning/vat"
  packages = ["."]
  pruneopts = "UT"
  revision = "4dbc96759948fa4fad4248e434601a222fa2a8a9"
  version = "v0.1"

[[projects]]
  branch = "master"
  digest = "1:7a6377256f670508711c56c25556d639e673c0fa0f519c5a758fdcbfc8af9ac8"
  name = "github.com/golang/freetype"
  packages = [
    ".",
    "raster",
    "truetype",
  ]
  pruneopts = "UT"
  revision = "e2365dfdc4a05e4b8299a783240d4a7d5a65d4e4"

[[projects]]
  digest = "1:97df918963298c287643883209a2c3f642e6593379f97ab400c2a2e219ab647d"
  name = "github.com/golang/protobuf"
  packages = ["proto"]
  pruneopts = "UT"
  revision = "aa810b61a9c79d51363740d207bb46cf8e620ed5"
  version = "v1.2.0"

[[projects]]
  digest = "1:e1aa8e520787bfd8623c7df394352be3183ef207039cfb513ba40dc00c82fa6d"
  name = "github.com/gosimple/slug"
  packages = ["."]
  pruneopts = "UT"
  revision = "42ac18c34c2c6f4843fa48167317dcaa9416d1e2"
  version = "v1.4.2"

[[projects]]
  digest = "1:bb81097a5b62634f3e9fec1014657855610c82d19b9a40c17612e32651e35dca"
  name = "github.com/jmespath/go-jmespath"
  packages = ["."]
  pruneopts = "UT"
  revision = "c2b33e84"

[[projects]]
  branch = "master"
  digest = "1:bd1b5ce5a04000dbe5d1c22812699509c17a8572c6385a43023c7e08ea4e7623"
  name = "github.com/joeshaw/envdecode"
  packages = ["."]
  pruneopts = "UT"
  revision = "c9e0158544672841c3ebf49308f536d918f2e525"

[[projects]]
  branch = "master"
  digest = "1:3a1e2d3c7b109c4f7bd10b208d0cbc578e618fb26832cf96544c638d927022bf"
  name = "github.com/julienschmidt/httprouter"
  packages = ["."]
  pruneopts = "UT"
  revision = "adbc77eec0d91467376ca515bc3a14b8434d0f18"

[[projects]]
  branch = "master"
  digest = "1:7cefc4f7f6a411c2598d3344563e4d23fd4e4d88fd1591831fe39cccff41ad28"
  name = "github.com/lib/pq"
  packages = [
    ".",
    "oid",
  ]
  pruneopts = "UT"
  revision = "9eb73efc1fcc404148b56765b0d3f61d9a5ef8ee"

[[projects]]
  digest = "1:808cdddf087fb64baeae67b8dfaee2069034d9704923a3cb8bd96a995421a625"
  name = "github.com/patrickmn/go-cache"
  packages = ["."]
  pruneopts = "UT"
  revision = "a3647f8e31d79543b2d0f0ae2fe5c379d72cedc0"
  version = "v2.1.0"

[[projects]]
  branch = "master"
  digest = "1:e6a29574542c00bb18adb1bfbe629ff88c468c2af2e2e953d3e58eda07165086"
  name = "github.com/rainycape/unidecode"
  packages = ["."]
  pruneopts = "UT"
  revision = "cb7f23ec59bec0d61b19c56cd88cee3d0cc1870c"

[[projects]]
  digest = "1:b36a0ede02c4c2aef7df7f91cbbb7bb88a98b5d253509d4f997dda526e50c88c"
  name = "github.com/russross/blackfriday"
  packages = ["."]
  pruneopts = "UT"
  revision = "05f3235734ad95d0016f6a23902f06461fcf567a"
  version = "v1.5.2"

[[projects]]
  digest = "1:a6e5980ac8988d88107a4b1f48359f080d021b218b9985bd443e24614ef1b66b"
  name = "github.com/stripe/stripe-go"
  packages = [
    ".",
    "account",
    "applepaydomain",
    "balance",
    "bankaccount",
    "bitcoinreceiver",
    "bitcointransaction",
    "card",
    "charge",
    "client",
    "countryspec",
    "coupon",
    "customer",
    "discount",
    "dispute",
    "ephemeralkey",
    "event",
    "exchangerate",
    "fee",
    "feerefund",
    "file",
    "filelink",
    "form",
    "invoice",
    "invoiceitem",
    "issuerfraudrecord",
    "issuing/authorization",
    "issuing/card",
    "issuing/cardholder",
    "issuing/dispute",
    "issuing/transaction",
    "loginlink",
    "order",
    "orderreturn",
    "paymentintent",
    "paymentsource",
    "payout",
    "plan",
    "product",
    "radar/valuelist",
    "radar/valuelistitem",
    "recipient",
    "refund",
    "reporting/reportrun",
    "reporting/reporttype",
    "reversal",
    "sigma/scheduledqueryrun",
    "sku",
    "source",
    "sourcetransaction",
    "sub",
    "subitem",
    "terminal/connectiontoken",
    "terminal/location",
    "terminal/reader",
    "token",
    "topup",
    "transfer",
    "usagerecord",
    "webhookendpoint",
  ]
  pruneopts = "UT"
  revision = "4fbb4e51a1551a48d073b9900bc6a3d43892646a"
  version = "v55.3.0"

[[projects]]
  branch = "master"
  digest = "1:e3d2db9bc633f4635e6418caf0b0734c43821ecd59105d1798458c6ae4d227fd"
  name = "golang.org/x/crypto"
  packages = [
    "acme",
    "acme/autocert",
  ]
  pruneopts = "UT"
  revision = "8d7daa0c54b357f3071e11eaef7efc4e19a417e2"

[[projects]]
  branch = "master"
  digest = "1:98cb8180faeb2421bfb3d6f6c8d2f3525758102e1629ffbaea954c339400e891"
  name = "golang.org/x/image"
  packages = [
    "bmp",
    "draw",
    "font",
    "math/f64",
    "math/fixed",
    "tiff",
    "tiff/lzw",
  ]
  pruneopts = "UT"
  revision = "cd38e8056d9b27bb2f265effa37fb0ea6b8a7f0f"

[[projects]]
  branch = "master"
  digest = "1:f8b491a7c25030a895a0e579742d07136e6958e77ef2d46e769db8eec4e58fcd"
  name = "golang.org/x/net"
  packages = [
    "context",
    "context/ctxhttp",
  ]
  pruneopts = "UT"
  revision = "927f97764cc334a6575f4b7a1584a147864d5723"

[[projects]]
  branch = "master"
  digest = "1:cea04128c498bdd994ddcf81f001f6328c5ce8df707f99ce5ba3ef4ccc6a9671"
  name = "golang.org/x/oauth2"
  packages = [
    ".",
    "facebook",
    "github",
    "internal",
  ]
  pruneopts = "UT"
  revision = "d668ce993890a79bda886613ee587a69dd5da7a6"

[[projects]]
  digest = "1:9cf45e754ab2dff5f53a553e6948b994ff738e4d1092ca608dcada945d8be0ef"
  name = "google.golang.org/appengine"
  packages = [
    "internal",
    "internal/base",
    "internal/datastore",
    "internal/log",
    "internal/remote_api",
    "internal/urlfetch",
    "urlfetch",
  ]
  pruneopts = "UT"
  revision = "150dc57a1b433e64154302bdc40b6bb8aefa313a"
  version = "v1.0.0"

[solve-meta]
  analyzer-name = "dep"
  analyzer-version = 1
  input-imports = [
    "github.com/aws/aws-sdk-go/aws",
    "github.com/aws/aws-sdk-go/aws/awserr",
    "github.com/aws/aws-sdk-go/aws/credentials",
    "github.com/aws/aws-sdk-go/aws/session",
    "github.com/aws/aws-sdk-go/service/s3",
    "github.com/dgrijalva/jwt-go",
    "github.com/disintegration/imaging",
    "github.com/goenning/letteravatar",
    "github.com/goenning/vat",
    "github.com/gosimple/slug",
    "github.com/joeshaw/envdecode",
    "github.com/julienschmidt/httprouter",
    "github.com/lib/pq",
    "github.com/patrickmn/go-cache",
    "github.com/russross/blackfriday",
    "github.com/stripe/stripe-go",
    "github.com/stripe/stripe-go/client",
    "golang.org/x/crypto/acme",
    "golang.org/x/crypto/acme/autocert",
    "golang.org/x/image/draw",
    "golang.org/x/oauth2",
    "golang.org/x/oauth2/facebook",
    "golang.org/x/oauth2/github",
  ]
  solver-name = "gps-cdcl"
  solver-version = 1
