# This file is autogenerated, do not edit; changes may be undone by the next 'dep ensure'.


[[projects]]
  name = "cloud.google.com/go"
  packages = ["compute/metadata"]
  revision = "a5913b3f7deecba45e98ff33cefbac4fd204ddd7"
  version = "v0.10.0"

[[projects]]
  name = "github.com/dgrijalva/jwt-go"
  packages = ["."]
  revision = "d2709f9f1f31ebcda9651b03077758c1f3a0018c"
  version = "v3.0.0"

[[projects]]
  branch = "master"
  name = "github.com/goenning/letteravatar"
  packages = ["."]
  revision = "67f3a5f74e15d5a3ccb9d83859040880c64b118d"

[[projects]]
  branch = "master"
  name = "github.com/golang/freetype"
  packages = [".","raster","truetype"]
  revision = "e2365dfdc4a05e4b8299a783240d4a7d5a65d4e4"

[[projects]]
  branch = "master"
  name = "github.com/golang/protobuf"
  packages = ["proto"]
  revision = "6a1fa9404c0aebf36c879bc50152edcc953910d2"

[[projects]]
  name = "github.com/gosimple/slug"
  packages = ["."]
  revision = "32efb997950eba210b1880d8cf52b601c1b5abe3"
  version = "v1.0.3"

[[projects]]
  branch = "master"
  name = "github.com/jmoiron/jsonq"
  packages = ["."]
  revision = "e874b168d07ecc7808bc950a17998a8aa3141d82"

[[projects]]
  name = "github.com/labstack/echo"
  packages = [".","middleware"]
  revision = "935a60782cbbc55110e7bd4b33120e4567cbee43"
  version = "v3.2.1"

[[projects]]
  name = "github.com/labstack/gommon"
  packages = ["bytes","color","log","random"]
  revision = "1121fd3e243c202482226a7afe4dcd07ffc4139a"
  version = "v0.2.1"

[[projects]]
  branch = "master"
  name = "github.com/lib/pq"
  packages = [".","oid"]
  revision = "dd1fe2071026ce53f36a39112e645b4d4f5793a4"

[[projects]]
  name = "github.com/mattes/migrate"
  packages = [".","database","database/postgres","source","source/file"]
  revision = "035c07716cd373d88456ec4d701402df52584cb4"
  version = "v3.0.1"

[[projects]]
  name = "github.com/mattn/go-colorable"
  packages = ["."]
  revision = "941b50ebc6efddf4c41c8e4537a5f68a4e686b24"
  version = "v0.0.8"

[[projects]]
  name = "github.com/mattn/go-isatty"
  packages = ["."]
  revision = "fc9e8d8ef48496124e79ae0df75490096eccf6fe"
  version = "v0.0.2"

[[projects]]
  name = "github.com/onsi/gomega"
  packages = [".","format","internal/assertion","internal/asyncassertion","internal/oraclematcher","internal/testingtsupport","matchers","matchers/support/goraph/bipartitegraph","matchers/support/goraph/edge","matchers/support/goraph/node","matchers/support/goraph/util","types"]
  revision = "334b8f472b3af5d541c5642701c1e29e2126f486"
  version = "v1.1.0"

[[projects]]
  branch = "master"
  name = "github.com/rainycape/unidecode"
  packages = ["."]
  revision = "cb7f23ec59bec0d61b19c56cd88cee3d0cc1870c"

[[projects]]
  branch = "master"
  name = "github.com/valyala/bytebufferpool"
  packages = ["."]
  revision = "e746df99fe4a3986f4d4f79e13c1e0117ce9c2f7"

[[projects]]
  branch = "master"
  name = "github.com/valyala/fasttemplate"
  packages = ["."]
  revision = "dcecefd839c4193db0d35b88ec65b4c12d360ab0"

[[projects]]
  branch = "master"
  name = "golang.org/x/crypto"
  packages = ["acme","acme/autocert"]
  revision = "a48ac81e47fd6f9ed1258f3b60ae9e75f93cb7ed"

[[projects]]
  branch = "master"
  name = "golang.org/x/image"
  packages = ["font","math/fixed"]
  revision = "426cfd8eeb6e08ab1932954e09e3c2cb2bc6e36d"

[[projects]]
  branch = "master"
  name = "golang.org/x/net"
  packages = ["context","context/ctxhttp"]
  revision = "054b33e6527139ad5b1ec2f6232c3b175bd9a30c"

[[projects]]
  branch = "master"
  name = "golang.org/x/oauth2"
  packages = [".","facebook","github","google","internal","jws","jwt"]
  revision = "cce311a261e6fcf29de72ca96827bdb0b7d9c9e6"

[[projects]]
  branch = "master"
  name = "golang.org/x/sys"
  packages = ["unix"]
  revision = "739734461d1c916b6c72a63d7efda2b27edb369f"

[[projects]]
  name = "google.golang.org/appengine"
  packages = [".","internal","internal/app_identity","internal/base","internal/datastore","internal/log","internal/modules","internal/remote_api","internal/urlfetch","urlfetch"]
  revision = "150dc57a1b433e64154302bdc40b6bb8aefa313a"
  version = "v1.0.0"

[[projects]]
  branch = "v2"
  name = "gopkg.in/yaml.v2"
  packages = ["."]
  revision = "cd8b52f8269e0feb286dfeef29f8fe4d5b397e0b"

[solve-meta]
  analyzer-name = "dep"
  analyzer-version = 1
  inputs-digest = "85ef71dfcaad35fbc998b5800f62d7b35b976fbb60aafe806a93030d6bd7a6e2"
  solver-name = "gps-cdcl"
  solver-version = 1
